[[package]]
category = "main"
description = "ASGI specs, helper code, and adapters"
name = "asgiref"
optional = false
python-versions = ">=3.5"
version = "3.2.10"

[package.extras]
tests = ["pytest", "pytest-asyncio"]

[[package]]
category = "main"
description = "A high-level Python Web framework that encourages rapid development and clean, pragmatic design."
name = "django"
optional = false
python-versions = ">=3.6"
version = "3.1.1"

[package.dependencies]
asgiref = ">=3.2.10,<3.3.0"
pytz = "*"
sqlparse = ">=0.2.2"

[package.extras]
argon2 = ["argon2-cffi (>=16.1.0)"]
bcrypt = ["bcrypt"]

[[package]]
category = "main"
description = "django-cors-headers is a Django application for handling the server headers required for Cross-Origin Resource Sharing (CORS)."
name = "django-cors-headers"
optional = false
python-versions = ">=3.5"
version = "3.5.0"

[package.dependencies]
Django = ">=2.2"

[[package]]
category = "main"
description = "Django-filter is a reusable Django application for allowing users to filter querysets dynamically."
name = "django-filter"
optional = false
python-versions = ">=3.5"
version = "2.3.0"

[package.dependencies]
Django = ">=2.2"

[[package]]
category = "main"
description = "Send emails using Django template system."
name = "django-templated-mail"
optional = false
python-versions = "*"
version = "1.1.1"

[[package]]
category = "main"
description = "Web APIs for Django, made easy."
name = "djangorestframework"
optional = false
python-versions = ">=3.5"
version = "3.11.1"

[package.dependencies]
django = ">=1.11"

[[package]]
category = "main"
description = "REST version of Django authentication system."
name = "djoser"
optional = false
python-versions = "*"
version = "2.0.5"

[package.dependencies]
django-templated-mail = "*"

[[package]]
category = "dev"
description = "the modular source code checker: pep8 pyflakes and co"
name = "flake8"
optional = false
python-versions = "!=3.0.*,!=3.1.*,!=3.2.*,!=3.3.*,>=2.7"
version = "3.8.3"

[package.dependencies]
mccabe = ">=0.6.0,<0.7.0"
pycodestyle = ">=2.6.0a1,<2.7.0"
pyflakes = ">=2.2.0,<2.3.0"

[package.dependencies.importlib-metadata]
python = "<3.8"
version = "*"

[[package]]
category = "main"
description = "WSGI HTTP Server for UNIX"
name = "gunicorn"
optional = false
python-versions = ">=3.4"
version = "20.0.4"

[package.dependencies]
setuptools = ">=3.0"

[package.extras]
eventlet = ["eventlet (>=0.9.7)"]
gevent = ["gevent (>=0.13)"]
setproctitle = ["setproctitle"]
tornado = ["tornado (>=0.2)"]

[[package]]
category = "dev"
description = "Read metadata from Python packages"
marker = "python_version < \"3.8\""
name = "importlib-metadata"
optional = false
python-versions = "!=3.0.*,!=3.1.*,!=3.2.*,!=3.3.*,!=3.4.*,>=2.7"
version = "1.7.0"

[package.dependencies]
zipp = ">=0.5"

[package.extras]
docs = ["sphinx", "rst.linker"]
testing = ["packaging", "pep517", "importlib-resources (>=1.3)"]

[[package]]
category = "dev"
description = "McCabe checker, plugin for flake8"
name = "mccabe"
optional = false
python-versions = "*"
version = "0.6.1"

[[package]]
category = "dev"
description = "A full-screen, console-based Python debugger"
name = "pudb"
optional = false
python-versions = "*"
version = "2019.2"

[package.dependencies]
pygments = ">=1.0"
urwid = ">=1.1.1"

[[package]]
category = "dev"
description = "Python style guide checker"
name = "pycodestyle"
optional = false
python-versions = ">=2.7, !=3.0.*, !=3.1.*, !=3.2.*, !=3.3.*"
version = "2.6.0"

[[package]]
category = "dev"
description = "passive checker of Python programs"
name = "pyflakes"
optional = false
python-versions = ">=2.7, !=3.0.*, !=3.1.*, !=3.2.*, !=3.3.*"
version = "2.2.0"

[[package]]
category = "dev"
description = "Pygments is a syntax highlighting package written in Python."
name = "pygments"
optional = false
python-versions = ">=3.5"
version = "2.7.0"

[[package]]
category = "main"
description = "World timezone definitions, modern and historical"
name = "pytz"
optional = false
python-versions = "*"
version = "2020.1"

[[package]]
category = "dev"
description = "a python refactoring library..."
name = "rope"
optional = false
python-versions = "*"
version = "0.17.0"

[package.extras]
dev = ["pytest"]

[[package]]
category = "main"
description = "Non-validating SQL parser"
name = "sqlparse"
optional = false
python-versions = ">=2.7, !=3.0.*, !=3.1.*, !=3.2.*, !=3.3.*"
version = "0.3.1"

[[package]]
category = "dev"
description = "A full-featured console (xterm et al.) user interface library"
name = "urwid"
optional = false
python-versions = "*"
version = "2.1.1"

[[package]]
category = "dev"
description = "Backport of pathlib-compatible object wrapper for zip files"
marker = "python_version < \"3.8\""
name = "zipp"
optional = false
python-versions = ">=3.6"
version = "3.1.0"

[package.extras]
docs = ["sphinx", "jaraco.packaging (>=3.2)", "rst.linker (>=1.9)"]
testing = ["jaraco.itertools", "func-timeout"]

[metadata]
content-hash = "ad010c3147ef1f1ba5c381987d66082a3d8bc24b1ecd92cbe112c18ff5b65fb2"
lock-version = "1.0"
python-versions = "^3.6"

[metadata.files]
asgiref = [
    {file = "asgiref-3.2.10-py3-none-any.whl", hash = "sha256:9fc6fb5d39b8af147ba40765234fa822b39818b12cc80b35ad9b0cef3a476aed"},
    {file = "asgiref-3.2.10.tar.gz", hash = "sha256:7e51911ee147dd685c3c8b805c0ad0cb58d360987b56953878f8c06d2d1c6f1a"},
]
django = [
    {file = "Django-3.1.1-py3-none-any.whl", hash = "sha256:b5fbb818e751f660fa2d576d9f40c34a4c615c8b48dd383f5216e609f383371f"},
    {file = "Django-3.1.1.tar.gz", hash = "sha256:59c8125ca873ed3bdae9c12b146fbbd6ed8d0f743e4cf5f5817af50c51f1fc2f"},
]
django-cors-headers = [
    {file = "django-cors-headers-3.5.0.tar.gz", hash = "sha256:db82b2840f667d47872ae3e4a4e0a0d72fbecb42779b8aa233fa8bb965f7836a"},
    {file = "django_cors_headers-3.5.0-py3-none-any.whl", hash = "sha256:9322255c296d5f75089571f29e520c83ff9693df17aa3cf9f6a4bea7c6740169"},
]
django-filter = [
    {file = "django-filter-2.3.0.tar.gz", hash = "sha256:11e63dd759835d9ba7a763926ffb2662cf8a6dcb4c7971a95064de34dbc7e5af"},
    {file = "django_filter-2.3.0-py3-none-any.whl", hash = "sha256:616848eab6fc50193a1b3730140c49b60c57a3eda1f7fc57fa8505ac156c6c75"},
]
django-templated-mail = [
    {file = "django-templated-mail-1.1.1.tar.gz", hash = "sha256:8db807effebb42a532622e2d142dfd453dafcd0d7794c4c3332acb90656315f9"},
    {file = "django_templated_mail-1.1.1-py3-none-any.whl", hash = "sha256:f7127e1e31d7cad4e6c4b4801d25814d4b8782627ead76f4a75b3b7650687556"},
]
djangorestframework = [
    {file = "djangorestframework-3.11.1-py3-none-any.whl", hash = "sha256:8b1ac62c581dbc5799b03e535854b92fc4053ecfe74bad3f9c05782063d4196b"},
    {file = "djangorestframework-3.11.1.tar.gz", hash = "sha256:6dd02d5a4bd2516fb93f80360673bf540c3b6641fec8766b1da2870a5aa00b32"},
]
djoser = [
    {file = "djoser-2.0.5-py3-none-any.whl", hash = "sha256:5cd98687cdb6d87af632c45fe6268e09c0774b3ba89db02038727ca6e711c64d"},
    {file = "djoser-2.0.5.tar.gz", hash = "sha256:6b5f225122d30f3f84a46032d8f98a03412903b225d418d373463275ee1d5c39"},
]
flake8 = [
    {file = "flake8-3.8.3-py2.py3-none-any.whl", hash = "sha256:15e351d19611c887e482fb960eae4d44845013cc142d42896e9862f775d8cf5c"},
    {file = "flake8-3.8.3.tar.gz", hash = "sha256:f04b9fcbac03b0a3e58c0ab3a0ecc462e023a9faf046d57794184028123aa208"},
]
gunicorn = [
    {file = "gunicorn-20.0.4-py2.py3-none-any.whl", hash = "sha256:cd4a810dd51bf497552cf3f863b575dabd73d6ad6a91075b65936b151cbf4f9c"},
    {file = "gunicorn-20.0.4.tar.gz", hash = "sha256:1904bb2b8a43658807108d59c3f3d56c2b6121a701161de0ddf9ad140073c626"},
]
importlib-metadata = [
    {file = "importlib_metadata-1.7.0-py2.py3-none-any.whl", hash = "sha256:dc15b2969b4ce36305c51eebe62d418ac7791e9a157911d58bfb1f9ccd8e2070"},
    {file = "importlib_metadata-1.7.0.tar.gz", hash = "sha256:90bb658cdbbf6d1735b6341ce708fc7024a3e14e99ffdc5783edea9f9b077f83"},
]
mccabe = [
    {file = "mccabe-0.6.1-py2.py3-none-any.whl", hash = "sha256:ab8a6258860da4b6677da4bd2fe5dc2c659cff31b3ee4f7f5d64e79735b80d42"},
    {file = "mccabe-0.6.1.tar.gz", hash = "sha256:dd8d182285a0fe56bace7f45b5e7d1a6ebcbf524e8f3bd87eb0f125271b8831f"},
]
pudb = [
    {file = "pudb-2019.2.tar.gz", hash = "sha256:e8f0ea01b134d802872184b05bffc82af29a1eb2f9374a277434b932d68f58dc"},
]
pycodestyle = [
    {file = "pycodestyle-2.6.0-py2.py3-none-any.whl", hash = "sha256:2295e7b2f6b5bd100585ebcb1f616591b652db8a741695b3d8f5d28bdc934367"},
    {file = "pycodestyle-2.6.0.tar.gz", hash = "sha256:c58a7d2815e0e8d7972bf1803331fb0152f867bd89adf8a01dfd55085434192e"},
]
pyflakes = [
    {file = "pyflakes-2.2.0-py2.py3-none-any.whl", hash = "sha256:0d94e0e05a19e57a99444b6ddcf9a6eb2e5c68d3ca1e98e90707af8152c90a92"},
    {file = "pyflakes-2.2.0.tar.gz", hash = "sha256:35b2d75ee967ea93b55750aa9edbbf72813e06a66ba54438df2cfac9e3c27fc8"},
]
pygments = [
    {file = "Pygments-2.7.0-py3-none-any.whl", hash = "sha256:2df50d16b45b977217e02cba6c8422aaddb859f3d0570a88e09b00eafae89c6e"},
    {file = "Pygments-2.7.0.tar.gz", hash = "sha256:2594e8fdb06fef91552f86f4fd3a244d148ab24b66042036e64f29a291515048"},
]
pytz = [
    {file = "pytz-2020.1-py2.py3-none-any.whl", hash = "sha256:a494d53b6d39c3c6e44c3bec237336e14305e4f29bbf800b599253057fbb79ed"},
    {file = "pytz-2020.1.tar.gz", hash = "sha256:c35965d010ce31b23eeb663ed3cc8c906275d6be1a34393a1d73a41febf4a048"},
]
rope = [
    {file = "rope-0.17.0.tar.gz", hash = "sha256:658ad6705f43dcf3d6df379da9486529cf30e02d9ea14c5682aa80eb33b649e1"},
]
sqlparse = [
    {file = "sqlparse-0.3.1-py2.py3-none-any.whl", hash = "sha256:022fb9c87b524d1f7862b3037e541f68597a730a8843245c349fc93e1643dc4e"},
    {file = "sqlparse-0.3.1.tar.gz", hash = "sha256:e162203737712307dfe78860cc56c8da8a852ab2ee33750e33aeadf38d12c548"},
]
urwid = [
    {file = "urwid-2.1.1.tar.gz", hash = "sha256:7870866e35b00b71b0c9ccdd1281c8e7fac3806d60b9c1075c95dd5dad88d526"},
]
zipp = [
    {file = "zipp-3.1.0-py3-none-any.whl", hash = "sha256:aa36550ff0c0b7ef7fa639055d797116ee891440eac1a56f378e2d3179e0320b"},
    {file = "zipp-3.1.0.tar.gz", hash = "sha256:c599e4d75c98f6798c509911d08a22e6c021d074469042177c8c86fb92eefd96"},
]
